// !$*UTF8*$!
{
	archiveVersion = 1;
	classes = {
	};
	objectVersion = 46;
	objects = {

/* Begin PBXBuildFile section */
		C08142291799804400D1BB17 /* UIKit.framework in Frameworks */ = {isa = PBXBuildFile; fileRef = C08142281799804400D1BB17 /* UIKit.framework */; };
		C081422B1799804400D1BB17 /* Foundation.framework in Frameworks */ = {isa = PBXBuildFile; fileRef = C081422A1799804400D1BB17 /* Foundation.framework */; };
		C081422D1799804400D1BB17 /* CoreGraphics.framework in Frameworks */ = {isa = PBXBuildFile; fileRef = C081422C1799804400D1BB17 /* CoreGraphics.framework */; };
		C08142331799804400D1BB17 /* InfoPlist.strings in Resources */ = {isa = PBXBuildFile; fileRef = C08142311799804400D1BB17 /* InfoPlist.strings */; };
		C08142351799804400D1BB17 /* main.m in Sources */ = {isa = PBXBuildFile; fileRef = C08142341799804400D1BB17 /* main.m */; };
		C08142391799804400D1BB17 /* AppDelegate.m in Sources */ = {isa = PBXBuildFile; fileRef = C08142381799804400D1BB17 /* AppDelegate.m */; };
		C081423B1799804400D1BB17 /* Default.png in Resources */ = {isa = PBXBuildFile; fileRef = C081423A1799804400D1BB17 /* Default.png */; };
		C081423D1799804400D1BB17 /* Default@2x.png in Resources */ = {isa = PBXBuildFile; fileRef = C081423C1799804400D1BB17 /* Default@2x.png */; };
		C081423F1799804400D1BB17 /* Default-568h@2x.png in Resources */ = {isa = PBXBuildFile; fileRef = C081423E1799804400D1BB17 /* Default-568h@2x.png */; };
		C08142421799804400D1BB17 /* ViewController.m in Sources */ = {isa = PBXBuildFile; fileRef = C08142411799804400D1BB17 /* ViewController.m */; };
		C08142451799804400D1BB17 /* ViewController_iPhone.xib in Resources */ = {isa = PBXBuildFile; fileRef = C08142431799804400D1BB17 /* ViewController_iPhone.xib */; };
		C08142481799804400D1BB17 /* ViewController_iPad.xib in Resources */ = {isa = PBXBuildFile; fileRef = C08142461799804400D1BB17 /* ViewController_iPad.xib */; };
		C08142541799810F00D1BB17 /* StarField.m in Sources */ = {isa = PBXBuildFile; fileRef = C08142531799810F00D1BB17 /* StarField.m */; };
		C0814256179981C700D1BB17 /* QuartzCore.framework in Frameworks */ = {isa = PBXBuildFile; fileRef = C0814255179981C700D1BB17 /* QuartzCore.framework */; };
		C08142591799828600D1BB17 /* RadialGradientView.m in Sources */ = {isa = PBXBuildFile; fileRef = C08142581799828600D1BB17 /* RadialGradientView.m */; };
		C081425C17998AF700D1BB17 /* URLHelpers.m in Sources */ = {isa = PBXBuildFile; fileRef = C081425B17998AF700D1BB17 /* URLHelpers.m */; };
		C081425F1799927D00D1BB17 /* UIHelpers.m in Sources */ = {isa = PBXBuildFile; fileRef = C081425E1799927D00D1BB17 /* UIHelpers.m */; };
		C081426417999A3A00D1BB17 /* backButton-01.png in Resources */ = {isa = PBXBuildFile; fileRef = C081426117999A3A00D1BB17 /* backButton-01.png */; };
		C081426517999A3A00D1BB17 /* forwardButton-01.png in Resources */ = {isa = PBXBuildFile; fileRef = C081426217999A3A00D1BB17 /* forwardButton-01.png */; };
		C081426617999A3A00D1BB17 /* tabsButton-01.png in Resources */ = {isa = PBXBuildFile; fileRef = C081426317999A3A00D1BB17 /* tabsButton-01.png */; };
/* End PBXBuildFile section */

/* Begin PBXFileReference section */
		C08142251799804400D1BB17 /* Satellite.app */ = {isa = PBXFileReference; explicitFileType = wrapper.application; includeInIndex = 0; path = Satellite.app; sourceTree = BUILT_PRODUCTS_DIR; };
		C08142281799804400D1BB17 /* UIKit.framework */ = {isa = PBXFileReference; lastKnownFileType = wrapper.framework; name = UIKit.framework; path = System/Library/Frameworks/UIKit.framework; sourceTree = SDKROOT; };
		C081422A1799804400D1BB17 /* Foundation.framework */ = {isa = PBXFileReference; lastKnownFileType = wrapper.framework; name = Foundation.framework; path = System/Library/Frameworks/Foundation.framework; sourceTree = SDKROOT; };
		C081422C1799804400D1BB17 /* CoreGraphics.framework */ = {isa = PBXFileReference; lastKnownFileType = wrapper.framework; name = CoreGraphics.framework; path = System/Library/Frameworks/CoreGraphics.framework; sourceTree = SDKROOT; };
		C08142301799804400D1BB17 /* Satellite-Info.plist */ = {isa = PBXFileReference; lastKnownFileType = text.plist.xml; path = "Satellite-Info.plist"; sourceTree = "<group>"; };
		C08142321799804400D1BB17 /* en */ = {isa = PBXFileReference; lastKnownFileType = text.plist.strings; name = en; path = en.lproj/InfoPlist.strings; sourceTree = "<group>"; };
		C08142341799804400D1BB17 /* main.m */ = {isa = PBXFileReference; lastKnownFileType = sourcecode.c.objc; path = main.m; sourceTree = "<group>"; };
		C08142361799804400D1BB17 /* Satellite-Prefix.pch */ = {isa = PBXFileReference; lastKnownFileType = sourcecode.c.h; path = "Satellite-Prefix.pch"; sourceTree = "<group>"; };
		C08142371799804400D1BB17 /* AppDelegate.h */ = {isa = PBXFileReference; lastKnownFileType = sourcecode.c.h; path = AppDelegate.h; sourceTree = "<group>"; };
		C08142381799804400D1BB17 /* AppDelegate.m */ = {isa = PBXFileReference; lastKnownFileType = sourcecode.c.objc; path = AppDelegate.m; sourceTree = "<group>"; };
		C081423A1799804400D1BB17 /* Default.png */ = {isa = PBXFileReference; lastKnownFileType = image.png; path = Default.png; sourceTree = "<group>"; };
		C081423C1799804400D1BB17 /* Default@2x.png */ = {isa = PBXFileReference; lastKnownFileType = image.png; path = "Default@2x.png"; sourceTree = "<group>"; };
		C081423E1799804400D1BB17 /* Default-568h@2x.png */ = {isa = PBXFileReference; lastKnownFileType = image.png; path = "Default-568h@2x.png"; sourceTree = "<group>"; };
		C08142401799804400D1BB17 /* ViewController.h */ = {isa = PBXFileReference; lastKnownFileType = sourcecode.c.h; path = ViewController.h; sourceTree = "<group>"; };
		C08142411799804400D1BB17 /* ViewController.m */ = {isa = PBXFileReference; lastKnownFileType = sourcecode.c.objc; path = ViewController.m; sourceTree = "<group>"; };
		C08142441799804400D1BB17 /* en */ = {isa = PBXFileReference; lastKnownFileType = file.xib; name = en; path = en.lproj/ViewController_iPhone.xib; sourceTree = "<group>"; };
		C08142471799804400D1BB17 /* en */ = {isa = PBXFileReference; lastKnownFileType = file.xib; name = en; path = en.lproj/ViewController_iPad.xib; sourceTree = "<group>"; };
		C08142521799810F00D1BB17 /* StarField.h */ = {isa = PBXFileReference; fileEncoding = 4; lastKnownFileType = sourcecode.c.h; path = StarField.h; sourceTree = "<group>"; };
		C08142531799810F00D1BB17 /* StarField.m */ = {isa = PBXFileReference; fileEncoding = 4; lastKnownFileType = sourcecode.c.objc; path = StarField.m; sourceTree = "<group>"; };
		C0814255179981C700D1BB17 /* QuartzCore.framework */ = {isa = PBXFileReference; lastKnownFileType = wrapper.framework; name = QuartzCore.framework; path = System/Library/Frameworks/QuartzCore.framework; sourceTree = SDKROOT; };
		C08142571799828600D1BB17 /* RadialGradientView.h */ = {isa = PBXFileReference; fileEncoding = 4; lastKnownFileType = sourcecode.c.h; path = RadialGradientView.h; sourceTree = "<group>"; };
		C08142581799828600D1BB17 /* RadialGradientView.m */ = {isa = PBXFileReference; fileEncoding = 4; lastKnownFileType = sourcecode.c.objc; path = RadialGradientView.m; sourceTree = "<group>"; };
		C081425A17998AF700D1BB17 /* URLHelpers.h */ = {isa = PBXFileReference; fileEncoding = 4; lastKnownFileType = sourcecode.c.h; path = URLHelpers.h; sourceTree = "<group>"; };
		C081425B17998AF700D1BB17 /* URLHelpers.m */ = {isa = PBXFileReference; fileEncoding = 4; lastKnownFileType = sourcecode.c.objc; path = URLHelpers.m; sourceTree = "<group>"; };
		C081425D1799927D00D1BB17 /* UIHelpers.h */ = {isa = PBXFileReference; fileEncoding = 4; lastKnownFileType = sourcecode.c.h; path = UIHelpers.h; sourceTree = "<group>"; };
		C081425E1799927D00D1BB17 /* UIHelpers.m */ = {isa = PBXFileReference; fileEncoding = 4; lastKnownFileType = sourcecode.c.objc; path = UIHelpers.m; sourceTree = "<group>"; };
		C081426117999A3A00D1BB17 /* backButton-01.png */ = {isa = PBXFileReference; lastKnownFileType = image.png; path = "backButton-01.png"; sourceTree = "<group>"; };
		C081426217999A3A00D1BB17 /* forwardButton-01.png */ = {isa = PBXFileReference; lastKnownFileType = image.png; path = "forwardButton-01.png"; sourceTree = "<group>"; };
		C081426317999A3A00D1BB17 /* tabsButton-01.png */ = {isa = PBXFileReference; lastKnownFileType = image.png; path = "tabsButton-01.png"; sourceTree = "<group>"; };
/* End PBXFileReference section */

/* Begin PBXFrameworksBuildPhase section */
		C08142221799804400D1BB17 /* Frameworks */ = {
			isa = PBXFrameworksBuildPhase;
			buildActionMask = 2147483647;
			files = (
				C0814256179981C700D1BB17 /* QuartzCore.framework in Frameworks */,
				C08142291799804400D1BB17 /* UIKit.framework in Frameworks */,
				C081422B1799804400D1BB17 /* Foundation.framework in Frameworks */,
				C081422D1799804400D1BB17 /* CoreGraphics.framework in Frameworks */,
			);
			runOnlyForDeploymentPostprocessing = 0;
		};
/* End PBXFrameworksBuildPhase section */

/* Begin PBXGroup section */
		C081421C1799804400D1BB17 = {
			isa = PBXGroup;
			children = (
				C0814255179981C700D1BB17 /* QuartzCore.framework */,
				C081422E1799804400D1BB17 /* Satellite */,
				C08142271799804400D1BB17 /* Frameworks */,
				C08142261799804400D1BB17 /* Products */,
			);
			sourceTree = "<group>";
		};
		C08142261799804400D1BB17 /* Products */ = {
			isa = PBXGroup;
			children = (
				C08142251799804400D1BB17 /* Satellite.app */,
			);
			name = Products;
			sourceTree = "<group>";
		};
		C08142271799804400D1BB17 /* Frameworks */ = {
			isa = PBXGroup;
			children = (
				C08142281799804400D1BB17 /* UIKit.framework */,
				C081422A1799804400D1BB17 /* Foundation.framework */,
				C081422C1799804400D1BB17 /* CoreGraphics.framework */,
			);
			name = Frameworks;
			sourceTree = "<group>";
		};
		C081422E1799804400D1BB17 /* Satellite */ = {
			isa = PBXGroup;
			children = (
				C0814251179980A800D1BB17 /* Controllers */,
				C08142501799808300D1BB17 /* NavDeck */,
				C081424F1799806F00D1BB17 /* Custom Views */,
				C081424E1799806900D1BB17 /* Helpers */,
				C08142371799804400D1BB17 /* AppDelegate.h */,
				C08142381799804400D1BB17 /* AppDelegate.m */,
				C081422F1799804400D1BB17 /* Supporting Files */,
			);
			path = Satellite;
			sourceTree = "<group>";
		};
		C081422F1799804400D1BB17 /* Supporting Files */ = {
			isa = PBXGroup;
			children = (
				C081426017999A2800D1BB17 /* Images */,
				C08142301799804400D1BB17 /* Satellite-Info.plist */,
				C08142311799804400D1BB17 /* InfoPlist.strings */,
				C08142341799804400D1BB17 /* main.m */,
				C08142361799804400D1BB17 /* Satellite-Prefix.pch */,
				C081423A1799804400D1BB17 /* Default.png */,
				C081423C1799804400D1BB17 /* Default@2x.png */,
				C081423E1799804400D1BB17 /* Default-568h@2x.png */,
			);
			name = "Supporting Files";
			sourceTree = "<group>";
		};
		C081424E1799806900D1BB17 /* Helpers */ = {
			isa = PBXGroup;
			children = (
				C081425A17998AF700D1BB17 /* URLHelpers.h */,
				C081425B17998AF700D1BB17 /* URLHelpers.m */,
				C081425D1799927D00D1BB17 /* UIHelpers.h */,
				C081425E1799927D00D1BB17 /* UIHelpers.m */,
			);
			name = Helpers;
			sourceTree = "<group>";
		};
		C081424F1799806F00D1BB17 /* Custom Views */ = {
			isa = PBXGroup;
			children = (
				C08142571799828600D1BB17 /* RadialGradientView.h */,
				C08142581799828600D1BB17 /* RadialGradientView.m */,
				C08142521799810F00D1BB17 /* StarField.h */,
				C08142531799810F00D1BB17 /* StarField.m */,
			);
			name = "Custom Views";
			sourceTree = "<group>";
		};
		C08142501799808300D1BB17 /* NavDeck */ = {
			isa = PBXGroup;
			children = (
			);
			name = NavDeck;
			sourceTree = "<group>";
		};
		C0814251179980A800D1BB17 /* Controllers */ = {
			isa = PBXGroup;
			children = (
				C08142401799804400D1BB17 /* ViewController.h */,
				C08142411799804400D1BB17 /* ViewController.m */,
				C08142431799804400D1BB17 /* ViewController_iPhone.xib */,
				C08142461799804400D1BB17 /* ViewController_iPad.xib */,
			);
			name = Controllers;
			sourceTree = "<group>";
		};
		C081426017999A2800D1BB17 /* Images */ = {
			isa = PBXGroup;
			children = (
				C081426117999A3A00D1BB17 /* backButton-01.png */,
				C081426217999A3A00D1BB17 /* forwardButton-01.png */,
				C081426317999A3A00D1BB17 /* tabsButton-01.png */,
			);
			name = Images;
			sourceTree = "<group>";
		};
/* End PBXGroup section */

/* Begin PBXNativeTarget section */
		C08142241799804400D1BB17 /* Satellite */ = {
			isa = PBXNativeTarget;
			buildConfigurationList = C081424B1799804400D1BB17 /* Build configuration list for PBXNativeTarget "Satellite" */;
			buildPhases = (
				C08142211799804400D1BB17 /* Sources */,
				C08142221799804400D1BB17 /* Frameworks */,
				C08142231799804400D1BB17 /* Resources */,
			);
			buildRules = (
			);
			dependencies = (
			);
			name = Satellite;
			productName = Satellite;
			productReference = C08142251799804400D1BB17 /* Satellite.app */;
			productType = "com.apple.product-type.application";
		};
/* End PBXNativeTarget section */

/* Begin PBXProject section */
		C081421D1799804400D1BB17 /* Project object */ = {
			isa = PBXProject;
			attributes = {
				LastUpgradeCheck = 0460;
				ORGANIZATIONNAME = "Benjamin Gordon";
			};
			buildConfigurationList = C08142201799804400D1BB17 /* Build configuration list for PBXProject "Satellite" */;
			compatibilityVersion = "Xcode 3.2";
			developmentRegion = English;
			hasScannedForEncodings = 0;
			knownRegions = (
				en,
			);
			mainGroup = C081421C1799804400D1BB17;
			productRefGroup = C08142261799804400D1BB17 /* Products */;
			projectDirPath = "";
			projectRoot = "";
			targets = (
				C08142241799804400D1BB17 /* Satellite */,
			);
		};
/* End PBXProject section */

/* Begin PBXResourcesBuildPhase section */
		C08142231799804400D1BB17 /* Resources */ = {
			isa = PBXResourcesBuildPhase;
			buildActionMask = 2147483647;
			files = (
				C08142331799804400D1BB17 /* InfoPlist.strings in Resources */,
				C081423B1799804400D1BB17 /* Default.png in Resources */,
				C081423D1799804400D1BB17 /* Default@2x.png in Resources */,
				C081423F1799804400D1BB17 /* Default-568h@2x.png in Resources */,
				C08142451799804400D1BB17 /* ViewController_iPhone.xib in Resources */,
				C08142481799804400D1BB17 /* ViewController_iPad.xib in Resources */,
				C081426417999A3A00D1BB17 /* backButton-01.png in Resources */,
				C081426517999A3A00D1BB17 /* forwardButton-01.png in Resources */,
				C081426617999A3A00D1BB17 /* tabsButton-01.png in Resources */,
			);
			runOnlyForDeploymentPostprocessing = 0;
		};
/* End PBXResourcesBuildPhase section */

/* Begin PBXSourcesBuildPhase section */
		C08142211799804400D1BB17 /* Sources */ = {
			isa = PBXSourcesBuildPhase;
			buildActionMask = 2147483647;
			files = (
				C08142351799804400D1BB17 /* main.m in Sources */,
				C08142391799804400D1BB17 /* AppDelegate.m in Sources */,
				C08142421799804400D1BB17 /* ViewController.m in Sources */,
				C08142541799810F00D1BB17 /* StarField.m in Sources */,
				C08142591799828600D1BB17 /* RadialGradientView.m in Sources */,
				C081425C17998AF700D1BB17 /* URLHelpers.m in Sources */,
				C081425F1799927D00D1BB17 /* UIHelpers.m in Sources */,
			);
			runOnlyForDeploymentPostprocessing = 0;
		};
/* End PBXSourcesBuildPhase section */

/* Begin PBXVariantGroup section */
		C08142311799804400D1BB17 /* InfoPlist.strings */ = {
			isa = PBXVariantGroup;
			children = (
				C08142321799804400D1BB17 /* en */,
			);
			name = InfoPlist.strings;
			sourceTree = "<group>";
		};
		C08142431799804400D1BB17 /* ViewController_iPhone.xib */ = {
			isa = PBXVariantGroup;
			children = (
				C08142441799804400D1BB17 /* en */,
			);
			name = ViewController_iPhone.xib;
			sourceTree = "<group>";
		};
		C08142461799804400D1BB17 /* ViewController_iPad.xib */ = {
			isa = PBXVariantGroup;
			children = (
				C08142471799804400D1BB17 /* en */,
			);
			name = ViewController_iPad.xib;
			sourceTree = "<group>";
		};
/* End PBXVariantGroup section */

/* Begin XCBuildConfiguration section */
		C08142491799804400D1BB17 /* Debug */ = {
			isa = XCBuildConfiguration;
			buildSettings = {
				ALWAYS_SEARCH_USER_PATHS = NO;
				CLANG_CXX_LANGUAGE_STANDARD = "gnu++0x";
				CLANG_CXX_LIBRARY = "libc++";
				CLANG_ENABLE_OBJC_ARC = YES;
				CLANG_WARN_CONSTANT_CONVERSION = YES;
				CLANG_WARN_EMPTY_BODY = YES;
				CLANG_WARN_ENUM_CONVERSION = YES;
				CLANG_WARN_INT_CONVERSION = YES;
				CLANG_WARN__DUPLICATE_METHOD_MATCH = YES;
				"CODE_SIGN_IDENTITY[sdk=iphoneos*]" = "iPhone Developer";
				COPY_PHASE_STRIP = NO;
				GCC_C_LANGUAGE_STANDARD = gnu99;
				GCC_DYNAMIC_NO_PIC = NO;
				GCC_OPTIMIZATION_LEVEL = 0;
				GCC_PREPROCESSOR_DEFINITIONS = (
					"DEBUG=1",
					"$(inherited)",
				);
				GCC_SYMBOLS_PRIVATE_EXTERN = NO;
				GCC_WARN_ABOUT_RETURN_TYPE = YES;
				GCC_WARN_UNINITIALIZED_AUTOS = YES;
				GCC_WARN_UNUSED_VARIABLE = YES;
				IPHONEOS_DEPLOYMENT_TARGET = 6.1;
				ONLY_ACTIVE_ARCH = YES;
				SDKROOT = iphoneos;
				TARGETED_DEVICE_FAMILY = "1,2";
			};
			name = Debug;
		};
		C081424A1799804400D1BB17 /* Release */ = {
			isa = XCBuildConfiguration;
			buildSettings = {
				ALWAYS_SEARCH_USER_PATHS = NO;
				CLANG_CXX_LANGUAGE_STANDARD = "gnu++0x";
				CLANG_CXX_LIBRARY = "libc++";
				CLANG_ENABLE_OBJC_ARC = YES;
				CLANG_WARN_CONSTANT_CONVERSION = YES;
				CLANG_WARN_EMPTY_BODY = YES;
				CLANG_WARN_ENUM_CONVERSION = YES;
				CLANG_WARN_INT_CONVERSION = YES;
				CLANG_WARN__DUPLICATE_METHOD_MATCH = YES;
				"CODE_SIGN_IDENTITY[sdk=iphoneos*]" = "iPhone Developer";
				COPY_PHASE_STRIP = YES;
				GCC_C_LANGUAGE_STANDARD = gnu99;
				GCC_WARN_ABOUT_RETURN_TYPE = YES;
				GCC_WARN_UNINITIALIZED_AUTOS = YES;
				GCC_WARN_UNUSED_VARIABLE = YES;
				IPHONEOS_DEPLOYMENT_TARGET = 6.1;
				OTHER_CFLAGS = "-DNS_BLOCK_ASSERTIONS=1";
				SDKROOT = iphoneos;
				TARGETED_DEVICE_FAMILY = "1,2";
				VALIDATE_PRODUCT = YES;
			};
			name = Release;
		};
		C081424C1799804400D1BB17 /* Debug */ = {
			isa = XCBuildConfiguration;
			buildSettings = {
				GCC_PRECOMPILE_PREFIX_HEADER = YES;
				GCC_PREFIX_HEADER = "Satellite/Satellite-Prefix.pch";
				INFOPLIST_FILE = "Satellite/Satellite-Info.plist";
				IPHONEOS_DEPLOYMENT_TARGET = 6.0;
				PRODUCT_NAME = "$(TARGET_NAME)";
				WRAPPER_EXTENSION = app;
			};
			name = Debug;
		};
		C081424D1799804400D1BB17 /* Release */ = {
			isa = XCBuildConfiguration;
			buildSettings = {
				GCC_PRECOMPILE_PREFIX_HEADER = YES;
				GCC_PREFIX_HEADER = "Satellite/Satellite-Prefix.pch";
				INFOPLIST_FILE = "Satellite/Satellite-Info.plist";
				IPHONEOS_DEPLOYMENT_TARGET = 6.0;
				PRODUCT_NAME = "$(TARGET_NAME)";
				WRAPPER_EXTENSION = app;
			};
			name = Release;
		};
/* End XCBuildConfiguration section */

/* Begin XCConfigurationList section */
		C08142201799804400D1BB17 /* Build configuration list for PBXProject "Satellite" */ = {
			isa = XCConfigurationList;
			buildConfigurations = (
				C08142491799804400D1BB17 /* Debug */,
				C081424A1799804400D1BB17 /* Release */,
			);
			defaultConfigurationIsVisible = 0;
			defaultConfigurationName = Release;
		};
		C081424B1799804400D1BB17 /* Build configuration list for PBXNativeTarget "Satellite" */ = {
			isa = XCConfigurationList;
			buildConfigurations = (
				C081424C1799804400D1BB17 /* Debug */,
				C081424D1799804400D1BB17 /* Release */,
			);
			defaultConfigurationIsVisible = 0;
		};
/* End XCConfigurationList section */
	};
	rootObject = C081421D1799804400D1BB17 /* Project object */;
}
